
Microsoft Visual Studio Solution File, Format Version 12.00
# Visual Studio Version 17
VisualStudioVersion = 17.3.32825.248
MinimumVisualStudioVersion = 10.0.40219.1
Project("{8BC9CEB8-8B4A-11D0-8D11-00A0C91BC942}") = "Lab4Part2", "Lab4Part2\Lab4Part2.vcxproj", "{D26C5AF1-C05D-4CC7-81B4-2D8F0431D756}"
EndProject
Global
	GlobalSection(SolutionConfigurationPlatforms) = preSolution
		Debug|x64 = Debug|x64
		Debug|x86 = Debug|x86
		Release|x64 = Release|x64
		Release|x86 = Release|x86
	EndGlobalSection
	GlobalSection(ProjectConfigurationPlatforms) = postSolution
		{D26C5AF1-C05D-4CC7-81B4-2D8F0431D756}.Debug|x64.ActiveCfg = Debug|x64
		{D26C5AF1-C05D-4CC7-81B4-2D8F0431D756}.Debug|x64.Build.0 = Debug|x64
		{D26C5AF1-C05D-4CC7-81B4-2D8F0431D756}.Debug|x86.ActiveCfg = Debug|Win32
		{D26C5AF1-C05D-4CC7-81B4-2D8F0431D756}.Debug|x86.Build.0 = Debug|Win32
		{D26C5AF1-C05D-4CC7-81B4-2D8F0431D756}.Release|x64.ActiveCfg = Release|x64
		{D26C5AF1-C05D-4CC7-81B4-2D8F0431D756}.Release|x64.Build.0 = Release|x64
		{D26C5AF1-C05D-4CC7-81B4-2D8F0431D756}.Release|x86.ActiveCfg = Release|Win32
		{D26C5AF1-C05D-4CC7-81B4-2D8F0431D756}.Release|x86.Build.0 = Release|Win32
	EndGlobalSection
	GlobalSection(SolutionProperties) = preSolution
		HideSolutionNode = FALSE
	EndGlobalSection
	GlobalSection(ExtensibilityGlobals) = postSolution
		SolutionGuid = {5268A5D0-F1E2-4E68-B4A3-B09A4698A16E}
	EndGlobalSection
EndGlobal
